
Microsoft Visual Studio Solution File, Format Version 11.00
# Visual Studio 2010
Project("{FAE04EC0-301F-11D3-BF4B-00C04F79EFBC}") = "HW.AppStore.Common", "HW.AppStore.Common\HW.AppStore.Common.csproj", "{35E14414-175B-4147-BC68-5B4713223895}"
EndProject
Project("{2150E333-8FDC-42A3-9474-1A3956D46DE8}") = "TestCode", "TestCode", "{7C4BF122-85E0-44AA-94E3-50302492038F}"
EndProject
Project("{FAE04EC0-301F-11D3-BF4B-00C04F79EFBC}") = "HW.AppStore.Common.Test", "HW.AppStore.Common.Test\HW.AppStore.Common.Test.csproj", "{E12E7C18-A347-4FE3-A08E-6FC90D68F5C9}"
EndProject
Global
	GlobalSection(SolutionConfigurationPlatforms) = preSolution
		Debug|Any CPU = Debug|Any CPU
		Release|Any CPU = Release|Any CPU
	EndGlobalSection
	GlobalSection(ProjectConfigurationPlatforms) = postSolution
		{35E14414-175B-4147-BC68-5B4713223895}.Debug|Any CPU.ActiveCfg = Debug|Any CPU
		{35E14414-175B-4147-BC68-5B4713223895}.Debug|Any CPU.Build.0 = Debug|Any CPU
		{35E14414-175B-4147-BC68-5B4713223895}.Release|Any CPU.ActiveCfg = Release|Any CPU
		{35E14414-175B-4147-BC68-5B4713223895}.Release|Any CPU.Build.0 = Release|Any CPU
		{E12E7C18-A347-4FE3-A08E-6FC90D68F5C9}.Debug|Any CPU.ActiveCfg = Debug|Any CPU
		{E12E7C18-A347-4FE3-A08E-6FC90D68F5C9}.Debug|Any CPU.Build.0 = Debug|Any CPU
		{E12E7C18-A347-4FE3-A08E-6FC90D68F5C9}.Release|Any CPU.ActiveCfg = Release|Any CPU
		{E12E7C18-A347-4FE3-A08E-6FC90D68F5C9}.Release|Any CPU.Build.0 = Release|Any CPU
	EndGlobalSection
	GlobalSection(SolutionProperties) = preSolution
		HideSolutionNode = FALSE
	EndGlobalSection
	GlobalSection(NestedProjects) = preSolution
		{E12E7C18-A347-4FE3-A08E-6FC90D68F5C9} = {7C4BF122-85E0-44AA-94E3-50302492038F}
	EndGlobalSection
EndGlobal
